// !$*UTF8*$!
{
	archiveVersion = 1;
	classes = {
	};
	objectVersion = 46;
	objects = {

/* Begin PBXBuildFile section */
		AD48DA881723A87F00391A7E /* UIKit.framework in Frameworks */ = {isa = PBXBuildFile; fileRef = AD48DA871723A87F00391A7E /* UIKit.framework */; };
		AD48DA8A1723A87F00391A7E /* Foundation.framework in Frameworks */ = {isa = PBXBuildFile; fileRef = AD48DA891723A87F00391A7E /* Foundation.framework */; };
		AD48DA8C1723A87F00391A7E /* CoreGraphics.framework in Frameworks */ = {isa = PBXBuildFile; fileRef = AD48DA8B1723A87F00391A7E /* CoreGraphics.framework */; };
		AD48DA921723A87F00391A7E /* InfoPlist.strings in Resources */ = {isa = PBXBuildFile; fileRef = AD48DA901723A87F00391A7E /* InfoPlist.strings */; };
		AD48DA941723A87F00391A7E /* main.m in Sources */ = {isa = PBXBuildFile; fileRef = AD48DA931723A87F00391A7E /* main.m */; };
		AD48DA981723A87F00391A7E /* MBAppDelegate.m in Sources */ = {isa = PBXBuildFile; fileRef = AD48DA971723A87F00391A7E /* MBAppDelegate.m */; };
		AD48DA9A1723A87F00391A7E /* Default.png in Resources */ = {isa = PBXBuildFile; fileRef = AD48DA991723A87F00391A7E /* Default.png */; };
		AD48DA9C1723A87F00391A7E /* Default@2x.png in Resources */ = {isa = PBXBuildFile; fileRef = AD48DA9B1723A87F00391A7E /* Default@2x.png */; };
		AD48DA9E1723A87F00391A7E /* Default-568h@2x.png in Resources */ = {isa = PBXBuildFile; fileRef = AD48DA9D1723A87F00391A7E /* Default-568h@2x.png */; };
		AD48DAA11723A87F00391A7E /* MBViewController.m in Sources */ = {isa = PBXBuildFile; fileRef = AD48DAA01723A87F00391A7E /* MBViewController.m */; };
		AD48DAA41723A87F00391A7E /* MBViewController.xib in Resources */ = {isa = PBXBuildFile; fileRef = AD48DAA21723A87F00391A7E /* MBViewController.xib */; };
		AD48DAAD1723A8D300391A7E /* Icon@2x.png in Resources */ = {isa = PBXBuildFile; fileRef = AD48DAAC1723A8D300391A7E /* Icon@2x.png */; };
		AD48DAB21723AA4000391A7E /* Icon.png in Resources */ = {isa = PBXBuildFile; fileRef = AD48DAB11723AA4000391A7E /* Icon.png */; };
		AD48DAB91723B90E00391A7E /* inbox-star-icon.png in Resources */ = {isa = PBXBuildFile; fileRef = AD48DAB71723B90E00391A7E /* inbox-star-icon.png */; };
		AD48DABA1723B90E00391A7E /* inbox-star-icon@2x.png in Resources */ = {isa = PBXBuildFile; fileRef = AD48DAB81723B90E00391A7E /* inbox-star-icon@2x.png */; };
		AD48DAC31723BBE000391A7E /* new-message-dot-white.png in Resources */ = {isa = PBXBuildFile; fileRef = AD48DABF1723BBE000391A7E /* new-message-dot-white.png */; };
		AD48DAC41723BBE000391A7E /* new-message-dot-white@2x.png in Resources */ = {isa = PBXBuildFile; fileRef = AD48DAC01723BBE000391A7E /* new-message-dot-white@2x.png */; };
		AD48DAC51723BBE000391A7E /* unread-button.png in Resources */ = {isa = PBXBuildFile; fileRef = AD48DAC11723BBE000391A7E /* unread-button.png */; };
		AD48DAC61723BBE000391A7E /* unread-button@2x.png in Resources */ = {isa = PBXBuildFile; fileRef = AD48DAC21723BBE000391A7E /* unread-button@2x.png */; };
		AD48DAD11723BE6C00391A7E /* inbox-star-icon-white.png in Resources */ = {isa = PBXBuildFile; fileRef = AD48DACF1723BE6C00391A7E /* inbox-star-icon-white.png */; };
		AD48DAD21723BE6C00391A7E /* inbox-star-icon-white@2x.png in Resources */ = {isa = PBXBuildFile; fileRef = AD48DAD01723BE6C00391A7E /* inbox-star-icon-white@2x.png */; };
		AD48DAE11723F28400391A7E /* MBSegmentedControl.m in Sources */ = {isa = PBXBuildFile; fileRef = AD48DAE01723F28400391A7E /* MBSegmentedControl.m */; };
		AD48DAF11723F34400391A7E /* archive-button-background-active.png in Resources */ = {isa = PBXBuildFile; fileRef = AD48DAE51723F34400391A7E /* archive-button-background-active.png */; };
		AD48DAF21723F34400391A7E /* archive-button-background-active@2x.png in Resources */ = {isa = PBXBuildFile; fileRef = AD48DAE61723F34400391A7E /* archive-button-background-active@2x.png */; };
		AD48DAF31723F34400391A7E /* archive-button-background.png in Resources */ = {isa = PBXBuildFile; fileRef = AD48DAE71723F34400391A7E /* archive-button-background.png */; };
		AD48DAF41723F34400391A7E /* archive-button-background@2x.png in Resources */ = {isa = PBXBuildFile; fileRef = AD48DAE81723F34400391A7E /* archive-button-background@2x.png */; };
		AD48DAF51723F34400391A7E /* defer-button-background-active.png in Resources */ = {isa = PBXBuildFile; fileRef = AD48DAE91723F34400391A7E /* defer-button-background-active.png */; };
		AD48DAF61723F34400391A7E /* defer-button-background-active@2x.png in Resources */ = {isa = PBXBuildFile; fileRef = AD48DAEA1723F34400391A7E /* defer-button-background-active@2x.png */; };
		AD48DAF71723F34400391A7E /* defer-button-background.png in Resources */ = {isa = PBXBuildFile; fileRef = AD48DAEB1723F34400391A7E /* defer-button-background.png */; };
		AD48DAF81723F34400391A7E /* defer-button-background@2x.png in Resources */ = {isa = PBXBuildFile; fileRef = AD48DAEC1723F34400391A7E /* defer-button-background@2x.png */; };
		AD48DAF91723F34400391A7E /* inbox-button-background-active.png in Resources */ = {isa = PBXBuildFile; fileRef = AD48DAED1723F34400391A7E /* inbox-button-background-active.png */; };
		AD48DAFA1723F34400391A7E /* inbox-button-background-active@2x.png in Resources */ = {isa = PBXBuildFile; fileRef = AD48DAEE1723F34400391A7E /* inbox-button-background-active@2x.png */; };
		AD48DAFB1723F34400391A7E /* inbox-button-background.png in Resources */ = {isa = PBXBuildFile; fileRef = AD48DAEF1723F34400391A7E /* inbox-button-background.png */; };
		AD48DAFC1723F34400391A7E /* inbox-button-background@2x.png in Resources */ = {isa = PBXBuildFile; fileRef = AD48DAF01723F34400391A7E /* inbox-button-background@2x.png */; };
		AD48DB011723F3F400391A7E /* more-arrow-white.png in Resources */ = {isa = PBXBuildFile; fileRef = AD48DAFD1723F3F400391A7E /* more-arrow-white.png */; };
		AD48DB021723F3F400391A7E /* more-arrow-white@2x.png in Resources */ = {isa = PBXBuildFile; fileRef = AD48DAFE1723F3F400391A7E /* more-arrow-white@2x.png */; };
		AD48DB031723F3F400391A7E /* more-arrow.png in Resources */ = {isa = PBXBuildFile; fileRef = AD48DAFF1723F3F400391A7E /* more-arrow.png */; };
		AD48DB041723F3F400391A7E /* more-arrow@2x.png in Resources */ = {isa = PBXBuildFile; fileRef = AD48DB001723F3F400391A7E /* more-arrow@2x.png */; };
		AD48DB0B1724004900391A7E /* swipe-shadow-left.png in Resources */ = {isa = PBXBuildFile; fileRef = AD48DB071724004900391A7E /* swipe-shadow-left.png */; };
		AD48DB0C1724004900391A7E /* swipe-shadow-left@2x.png in Resources */ = {isa = PBXBuildFile; fileRef = AD48DB081724004900391A7E /* swipe-shadow-left@2x.png */; };
		AD48DB0D1724004900391A7E /* swipe-shadow-right.png in Resources */ = {isa = PBXBuildFile; fileRef = AD48DB091724004900391A7E /* swipe-shadow-right.png */; };
		AD48DB0E1724004900391A7E /* swipe-shadow-right@2x.png in Resources */ = {isa = PBXBuildFile; fileRef = AD48DB0A1724004900391A7E /* swipe-shadow-right@2x.png */; };
		AD48DB15172400A900391A7E /* swipe-archive-icon.png in Resources */ = {isa = PBXBuildFile; fileRef = AD48DB0F172400A800391A7E /* swipe-archive-icon.png */; };
		AD48DB16172400A900391A7E /* swipe-archive-icon@2x.png in Resources */ = {isa = PBXBuildFile; fileRef = AD48DB10172400A800391A7E /* swipe-archive-icon@2x.png */; };
		AD48DB17172400A900391A7E /* swipe-defer-icon.png in Resources */ = {isa = PBXBuildFile; fileRef = AD48DB11172400A800391A7E /* swipe-defer-icon.png */; };
		AD48DB18172400A900391A7E /* swipe-defer-icon@2x.png in Resources */ = {isa = PBXBuildFile; fileRef = AD48DB12172400A900391A7E /* swipe-defer-icon@2x.png */; };
		AD48DB19172400A900391A7E /* swipe-mailbox-icon.png in Resources */ = {isa = PBXBuildFile; fileRef = AD48DB13172400A900391A7E /* swipe-mailbox-icon.png */; };
		AD48DB1A172400A900391A7E /* swipe-mailbox-icon@2x.png in Resources */ = {isa = PBXBuildFile; fileRef = AD48DB14172400A900391A7E /* swipe-mailbox-icon@2x.png */; };
		AD48DB1E1724013D00391A7E /* nav-bar-background.png in Resources */ = {isa = PBXBuildFile; fileRef = AD48DB1C1724013B00391A7E /* nav-bar-background.png */; };
		AD48DB1F1724013D00391A7E /* nav-bar-background@2x.png in Resources */ = {isa = PBXBuildFile; fileRef = AD48DB1D1724013C00391A7E /* nav-bar-background@2x.png */; };
		AD48DB28172402C000391A7E /* archive-empty-state-icon.png in Resources */ = {isa = PBXBuildFile; fileRef = AD48DB22172402C000391A7E /* archive-empty-state-icon.png */; };
		AD48DB29172402C000391A7E /* archive-empty-state-icon@2x.png in Resources */ = {isa = PBXBuildFile; fileRef = AD48DB23172402C000391A7E /* archive-empty-state-icon@2x.png */; };
		AD48DB2A172402C000391A7E /* inbox-icon-background-overlay.png in Resources */ = {isa = PBXBuildFile; fileRef = AD48DB24172402C000391A7E /* inbox-icon-background-overlay.png */; };
		AD48DB2B172402C000391A7E /* inbox-icon-background-overlay@2x.png in Resources */ = {isa = PBXBuildFile; fileRef = AD48DB25172402C000391A7E /* inbox-icon-background-overlay@2x.png */; };
		AD48DB2C172402C000391A7E /* later-empty-state-icon.png in Resources */ = {isa = PBXBuildFile; fileRef = AD48DB26172402C000391A7E /* later-empty-state-icon.png */; };
		AD48DB2D172402C000391A7E /* later-empty-state-icon@2x.png in Resources */ = {isa = PBXBuildFile; fileRef = AD48DB27172402C000391A7E /* later-empty-state-icon@2x.png */; };
		AD48DB391724161300391A7E /* MBAddress.m in Sources */ = {isa = PBXBuildFile; fileRef = AD48DB361724161300391A7E /* MBAddress.m */; };
		AD48DB3A1724161300391A7E /* MBMail.m in Sources */ = {isa = PBXBuildFile; fileRef = AD48DB381724161300391A7E /* MBMail.m */; };
		AD48DB3D1724167000391A7E /* MBMailCell.m in Sources */ = {isa = PBXBuildFile; fileRef = AD48DB3C1724167000391A7E /* MBMailCell.m */; };
		AD48DB4C1724306200391A7E /* messages-background-white.png in Resources */ = {isa = PBXBuildFile; fileRef = AD48DB481724306200391A7E /* messages-background-white.png */; };
		AD48DB4D1724306200391A7E /* messages-background-white@2x.png in Resources */ = {isa = PBXBuildFile; fileRef = AD48DB491724306200391A7E /* messages-background-white@2x.png */; };
		AD48DB4E1724306200391A7E /* messages-background.png in Resources */ = {isa = PBXBuildFile; fileRef = AD48DB4A1724306200391A7E /* messages-background.png */; };
		AD48DB4F1724306200391A7E /* messages-background@2x.png in Resources */ = {isa = PBXBuildFile; fileRef = AD48DB4B1724306200391A7E /* messages-background@2x.png */; };
/* End PBXBuildFile section */

/* Begin PBXFileReference section */
		AD48DA841723A87F00391A7E /* MailboxClone.app */ = {isa = PBXFileReference; explicitFileType = wrapper.application; includeInIndex = 0; path = MailboxClone.app; sourceTree = BUILT_PRODUCTS_DIR; };
		AD48DA871723A87F00391A7E /* UIKit.framework */ = {isa = PBXFileReference; lastKnownFileType = wrapper.framework; name = UIKit.framework; path = System/Library/Frameworks/UIKit.framework; sourceTree = SDKROOT; };
		AD48DA891723A87F00391A7E /* Foundation.framework */ = {isa = PBXFileReference; lastKnownFileType = wrapper.framework; name = Foundation.framework; path = System/Library/Frameworks/Foundation.framework; sourceTree = SDKROOT; };
		AD48DA8B1723A87F00391A7E /* CoreGraphics.framework */ = {isa = PBXFileReference; lastKnownFileType = wrapper.framework; name = CoreGraphics.framework; path = System/Library/Frameworks/CoreGraphics.framework; sourceTree = SDKROOT; };
		AD48DA8F1723A87F00391A7E /* Info.plist */ = {isa = PBXFileReference; lastKnownFileType = text.plist.xml; path = Info.plist; sourceTree = "<group>"; };
		AD48DA911723A87F00391A7E /* en */ = {isa = PBXFileReference; lastKnownFileType = text.plist.strings; name = en; path = en.lproj/InfoPlist.strings; sourceTree = "<group>"; };
		AD48DA931723A87F00391A7E /* main.m */ = {isa = PBXFileReference; lastKnownFileType = sourcecode.c.objc; path = main.m; sourceTree = "<group>"; };
		AD48DA951723A87F00391A7E /* Prefix.pch */ = {isa = PBXFileReference; lastKnownFileType = sourcecode.c.h; path = Prefix.pch; sourceTree = "<group>"; };
		AD48DA961723A87F00391A7E /* MBAppDelegate.h */ = {isa = PBXFileReference; lastKnownFileType = sourcecode.c.h; path = MBAppDelegate.h; sourceTree = "<group>"; };
		AD48DA971723A87F00391A7E /* MBAppDelegate.m */ = {isa = PBXFileReference; lastKnownFileType = sourcecode.c.objc; path = MBAppDelegate.m; sourceTree = "<group>"; };
		AD48DA991723A87F00391A7E /* Default.png */ = {isa = PBXFileReference; lastKnownFileType = image.png; path = Default.png; sourceTree = "<group>"; };
		AD48DA9B1723A87F00391A7E /* Default@2x.png */ = {isa = PBXFileReference; lastKnownFileType = image.png; path = "Default@2x.png"; sourceTree = "<group>"; };
		AD48DA9D1723A87F00391A7E /* Default-568h@2x.png */ = {isa = PBXFileReference; lastKnownFileType = image.png; path = "Default-568h@2x.png"; sourceTree = "<group>"; };
		AD48DA9F1723A87F00391A7E /* MBViewController.h */ = {isa = PBXFileReference; lastKnownFileType = sourcecode.c.h; path = MBViewController.h; sourceTree = "<group>"; };
		AD48DAA01723A87F00391A7E /* MBViewController.m */ = {isa = PBXFileReference; lastKnownFileType = sourcecode.c.objc; path = MBViewController.m; sourceTree = "<group>"; };
		AD48DAA31723A87F00391A7E /* en */ = {isa = PBXFileReference; lastKnownFileType = file.xib; name = en; path = en.lproj/MBViewController.xib; sourceTree = "<group>"; };
		AD48DAAC1723A8D300391A7E /* Icon@2x.png */ = {isa = PBXFileReference; lastKnownFileType = image.png; path = "Icon@2x.png"; sourceTree = "<group>"; };
		AD48DAB11723AA4000391A7E /* Icon.png */ = {isa = PBXFileReference; lastKnownFileType = image.png; path = Icon.png; sourceTree = "<group>"; };
		AD48DAB71723B90E00391A7E /* inbox-star-icon.png */ = {isa = PBXFileReference; lastKnownFileType = image.png; name = "inbox-star-icon.png"; path = "MailboxClone/Images/inbox-star-icon.png"; sourceTree = "<group>"; };
		AD48DAB81723B90E00391A7E /* inbox-star-icon@2x.png */ = {isa = PBXFileReference; lastKnownFileType = image.png; name = "inbox-star-icon@2x.png"; path = "MailboxClone/Images/inbox-star-icon@2x.png"; sourceTree = "<group>"; };
		AD48DABF1723BBE000391A7E /* new-message-dot-white.png */ = {isa = PBXFileReference; lastKnownFileType = image.png; name = "new-message-dot-white.png"; path = "MailboxClone/Images/new-message-dot-white.png"; sourceTree = "<group>"; };
		AD48DAC01723BBE000391A7E /* new-message-dot-white@2x.png */ = {isa = PBXFileReference; lastKnownFileType = image.png; name = "new-message-dot-white@2x.png"; path = "MailboxClone/Images/new-message-dot-white@2x.png"; sourceTree = "<group>"; };
		AD48DAC11723BBE000391A7E /* unread-button.png */ = {isa = PBXFileReference; lastKnownFileType = image.png; name = "unread-button.png"; path = "MailboxClone/Images/unread-button.png"; sourceTree = "<group>"; };
		AD48DAC21723BBE000391A7E /* unread-button@2x.png */ = {isa = PBXFileReference; lastKnownFileType = image.png; name = "unread-button@2x.png"; path = "MailboxClone/Images/unread-button@2x.png"; sourceTree = "<group>"; };
		AD48DACF1723BE6C00391A7E /* inbox-star-icon-white.png */ = {isa = PBXFileReference; lastKnownFileType = image.png; name = "inbox-star-icon-white.png"; path = "MailboxClone/Images/inbox-star-icon-white.png"; sourceTree = "<group>"; };
		AD48DAD01723BE6C00391A7E /* inbox-star-icon-white@2x.png */ = {isa = PBXFileReference; lastKnownFileType = image.png; name = "inbox-star-icon-white@2x.png"; path = "MailboxClone/Images/inbox-star-icon-white@2x.png"; sourceTree = "<group>"; };
		AD48DADF1723F28400391A7E /* MBSegmentedControl.h */ = {isa = PBXFileReference; fileEncoding = 4; lastKnownFileType = sourcecode.c.h; path = MBSegmentedControl.h; sourceTree = "<group>"; };
		AD48DAE01723F28400391A7E /* MBSegmentedControl.m */ = {isa = PBXFileReference; fileEncoding = 4; lastKnownFileType = sourcecode.c.objc; path = MBSegmentedControl.m; sourceTree = "<group>"; };
		AD48DAE51723F34400391A7E /* archive-button-background-active.png */ = {isa = PBXFileReference; lastKnownFileType = image.png; name = "archive-button-background-active.png"; path = "MailboxClone/Images/archive-button-background-active.png"; sourceTree = "<group>"; };
		AD48DAE61723F34400391A7E /* archive-button-background-active@2x.png */ = {isa = PBXFileReference; lastKnownFileType = image.png; name = "archive-button-background-active@2x.png"; path = "MailboxClone/Images/archive-button-background-active@2x.png"; sourceTree = "<group>"; };
		AD48DAE71723F34400391A7E /* archive-button-background.png */ = {isa = PBXFileReference; lastKnownFileType = image.png; name = "archive-button-background.png"; path = "MailboxClone/Images/archive-button-background.png"; sourceTree = "<group>"; };
		AD48DAE81723F34400391A7E /* archive-button-background@2x.png */ = {isa = PBXFileReference; lastKnownFileType = image.png; name = "archive-button-background@2x.png"; path = "MailboxClone/Images/archive-button-background@2x.png"; sourceTree = "<group>"; };
		AD48DAE91723F34400391A7E /* defer-button-background-active.png */ = {isa = PBXFileReference; lastKnownFileType = image.png; name = "defer-button-background-active.png"; path = "MailboxClone/Images/defer-button-background-active.png"; sourceTree = "<group>"; };
		AD48DAEA1723F34400391A7E /* defer-button-background-active@2x.png */ = {isa = PBXFileReference; lastKnownFileType = image.png; name = "defer-button-background-active@2x.png"; path = "MailboxClone/Images/defer-button-background-active@2x.png"; sourceTree = "<group>"; };
		AD48DAEB1723F34400391A7E /* defer-button-background.png */ = {isa = PBXFileReference; lastKnownFileType = image.png; name = "defer-button-background.png"; path = "MailboxClone/Images/defer-button-background.png"; sourceTree = "<group>"; };
		AD48DAEC1723F34400391A7E /* defer-button-background@2x.png */ = {isa = PBXFileReference; lastKnownFileType = image.png; name = "defer-button-background@2x.png"; path = "MailboxClone/Images/defer-button-background@2x.png"; sourceTree = "<group>"; };
		AD48DAED1723F34400391A7E /* inbox-button-background-active.png */ = {isa = PBXFileReference; lastKnownFileType = image.png; name = "inbox-button-background-active.png"; path = "MailboxClone/Images/inbox-button-background-active.png"; sourceTree = "<group>"; };
		AD48DAEE1723F34400391A7E /* inbox-button-background-active@2x.png */ = {isa = PBXFileReference; lastKnownFileType = image.png; name = "inbox-button-background-active@2x.png"; path = "MailboxClone/Images/inbox-button-background-active@2x.png"; sourceTree = "<group>"; };
		AD48DAEF1723F34400391A7E /* inbox-button-background.png */ = {isa = PBXFileReference; lastKnownFileType = image.png; name = "inbox-button-background.png"; path = "MailboxClone/Images/inbox-button-background.png"; sourceTree = "<group>"; };
		AD48DAF01723F34400391A7E /* inbox-button-background@2x.png */ = {isa = PBXFileReference; lastKnownFileType = image.png; name = "inbox-button-background@2x.png"; path = "MailboxClone/Images/inbox-button-background@2x.png"; sourceTree = "<group>"; };
		AD48DAFD1723F3F400391A7E /* more-arrow-white.png */ = {isa = PBXFileReference; lastKnownFileType = image.png; name = "more-arrow-white.png"; path = "MailboxClone/Images/more-arrow-white.png"; sourceTree = "<group>"; };
		AD48DAFE1723F3F400391A7E /* more-arrow-white@2x.png */ = {isa = PBXFileReference; lastKnownFileType = image.png; name = "more-arrow-white@2x.png"; path = "MailboxClone/Images/more-arrow-white@2x.png"; sourceTree = "<group>"; };
		AD48DAFF1723F3F400391A7E /* more-arrow.png */ = {isa = PBXFileReference; lastKnownFileType = image.png; name = "more-arrow.png"; path = "MailboxClone/Images/more-arrow.png"; sourceTree = "<group>"; };
		AD48DB001723F3F400391A7E /* more-arrow@2x.png */ = {isa = PBXFileReference; lastKnownFileType = image.png; name = "more-arrow@2x.png"; path = "MailboxClone/Images/more-arrow@2x.png"; sourceTree = "<group>"; };
		AD48DB071724004900391A7E /* swipe-shadow-left.png */ = {isa = PBXFileReference; lastKnownFileType = image.png; name = "swipe-shadow-left.png"; path = "MailboxClone/Images/swipe-shadow-left.png"; sourceTree = "<group>"; };
		AD48DB081724004900391A7E /* swipe-shadow-left@2x.png */ = {isa = PBXFileReference; lastKnownFileType = image.png; name = "swipe-shadow-left@2x.png"; path = "MailboxClone/Images/swipe-shadow-left@2x.png"; sourceTree = "<group>"; };
		AD48DB091724004900391A7E /* swipe-shadow-right.png */ = {isa = PBXFileReference; lastKnownFileType = image.png; name = "swipe-shadow-right.png"; path = "MailboxClone/Images/swipe-shadow-right.png"; sourceTree = "<group>"; };
		AD48DB0A1724004900391A7E /* swipe-shadow-right@2x.png */ = {isa = PBXFileReference; lastKnownFileType = image.png; name = "swipe-shadow-right@2x.png"; path = "MailboxClone/Images/swipe-shadow-right@2x.png"; sourceTree = "<group>"; };
		AD48DB0F172400A800391A7E /* swipe-archive-icon.png */ = {isa = PBXFileReference; lastKnownFileType = image.png; name = "swipe-archive-icon.png"; path = "MailboxClone/Images/swipe-archive-icon.png"; sourceTree = "<group>"; };
		AD48DB10172400A800391A7E /* swipe-archive-icon@2x.png */ = {isa = PBXFileReference; lastKnownFileType = image.png; name = "swipe-archive-icon@2x.png"; path = "MailboxClone/Images/swipe-archive-icon@2x.png"; sourceTree = "<group>"; };
		AD48DB11172400A800391A7E /* swipe-defer-icon.png */ = {isa = PBXFileReference; lastKnownFileType = image.png; name = "swipe-defer-icon.png"; path = "MailboxClone/Images/swipe-defer-icon.png"; sourceTree = "<group>"; };
		AD48DB12172400A900391A7E /* swipe-defer-icon@2x.png */ = {isa = PBXFileReference; lastKnownFileType = image.png; name = "swipe-defer-icon@2x.png"; path = "MailboxClone/Images/swipe-defer-icon@2x.png"; sourceTree = "<group>"; };
		AD48DB13172400A900391A7E /* swipe-mailbox-icon.png */ = {isa = PBXFileReference; lastKnownFileType = image.png; name = "swipe-mailbox-icon.png"; path = "MailboxClone/Images/swipe-mailbox-icon.png"; sourceTree = "<group>"; };
		AD48DB14172400A900391A7E /* swipe-mailbox-icon@2x.png */ = {isa = PBXFileReference; lastKnownFileType = image.png; name = "swipe-mailbox-icon@2x.png"; path = "MailboxClone/Images/swipe-mailbox-icon@2x.png"; sourceTree = "<group>"; };
		AD48DB1C1724013B00391A7E /* nav-bar-background.png */ = {isa = PBXFileReference; lastKnownFileType = image.png; name = "nav-bar-background.png"; path = "MailboxClone/Images/nav-bar-background.png"; sourceTree = "<group>"; };
		AD48DB1D1724013C00391A7E /* nav-bar-background@2x.png */ = {isa = PBXFileReference; lastKnownFileType = image.png; name = "nav-bar-background@2x.png"; path = "MailboxClone/Images/nav-bar-background@2x.png"; sourceTree = "<group>"; };
		AD48DB22172402C000391A7E /* archive-empty-state-icon.png */ = {isa = PBXFileReference; lastKnownFileType = image.png; name = "archive-empty-state-icon.png"; path = "MailboxClone/Images/archive-empty-state-icon.png"; sourceTree = "<group>"; };
		AD48DB23172402C000391A7E /* archive-empty-state-icon@2x.png */ = {isa = PBXFileReference; lastKnownFileType = image.png; name = "archive-empty-state-icon@2x.png"; path = "MailboxClone/Images/archive-empty-state-icon@2x.png"; sourceTree = "<group>"; };
		AD48DB24172402C000391A7E /* inbox-icon-background-overlay.png */ = {isa = PBXFileReference; lastKnownFileType = image.png; name = "inbox-icon-background-overlay.png"; path = "MailboxClone/Images/inbox-icon-background-overlay.png"; sourceTree = "<group>"; };
		AD48DB25172402C000391A7E /* inbox-icon-background-overlay@2x.png */ = {isa = PBXFileReference; lastKnownFileType = image.png; name = "inbox-icon-background-overlay@2x.png"; path = "MailboxClone/Images/inbox-icon-background-overlay@2x.png"; sourceTree = "<group>"; };
		AD48DB26172402C000391A7E /* later-empty-state-icon.png */ = {isa = PBXFileReference; lastKnownFileType = image.png; name = "later-empty-state-icon.png"; path = "MailboxClone/Images/later-empty-state-icon.png"; sourceTree = "<group>"; };
		AD48DB27172402C000391A7E /* later-empty-state-icon@2x.png */ = {isa = PBXFileReference; lastKnownFileType = image.png; name = "later-empty-state-icon@2x.png"; path = "MailboxClone/Images/later-empty-state-icon@2x.png"; sourceTree = "<group>"; };
		AD48DB351724161300391A7E /* MBAddress.h */ = {isa = PBXFileReference; fileEncoding = 4; lastKnownFileType = sourcecode.c.h; path = MBAddress.h; sourceTree = "<group>"; };
		AD48DB361724161300391A7E /* MBAddress.m */ = {isa = PBXFileReference; fileEncoding = 4; lastKnownFileType = sourcecode.c.objc; path = MBAddress.m; sourceTree = "<group>"; };
		AD48DB371724161300391A7E /* MBMail.h */ = {isa = PBXFileReference; fileEncoding = 4; lastKnownFileType = sourcecode.c.h; path = MBMail.h; sourceTree = "<group>"; };
		AD48DB381724161300391A7E /* MBMail.m */ = {isa = PBXFileReference; fileEncoding = 4; lastKnownFileType = sourcecode.c.objc; path = MBMail.m; sourceTree = "<group>"; };
		AD48DB3B1724167000391A7E /* MBMailCell.h */ = {isa = PBXFileReference; fileEncoding = 4; lastKnownFileType = sourcecode.c.h; path = MBMailCell.h; sourceTree = "<group>"; };
		AD48DB3C1724167000391A7E /* MBMailCell.m */ = {isa = PBXFileReference; fileEncoding = 4; lastKnownFileType = sourcecode.c.objc; path = MBMailCell.m; sourceTree = "<group>"; };
		AD48DB481724306200391A7E /* messages-background-white.png */ = {isa = PBXFileReference; lastKnownFileType = image.png; name = "messages-background-white.png"; path = "MailboxClone/Images/messages-background-white.png"; sourceTree = "<group>"; };
		AD48DB491724306200391A7E /* messages-background-white@2x.png */ = {isa = PBXFileReference; lastKnownFileType = image.png; name = "messages-background-white@2x.png"; path = "MailboxClone/Images/messages-background-white@2x.png"; sourceTree = "<group>"; };
		AD48DB4A1724306200391A7E /* messages-background.png */ = {isa = PBXFileReference; lastKnownFileType = image.png; name = "messages-background.png"; path = "MailboxClone/Images/messages-background.png"; sourceTree = "<group>"; };
		AD48DB4B1724306200391A7E /* messages-background@2x.png */ = {isa = PBXFileReference; lastKnownFileType = image.png; name = "messages-background@2x.png"; path = "MailboxClone/Images/messages-background@2x.png"; sourceTree = "<group>"; };
/* End PBXFileReference section */

/* Begin PBXFrameworksBuildPhase section */
		AD48DA811723A87F00391A7E /* Frameworks */ = {
			isa = PBXFrameworksBuildPhase;
			buildActionMask = 2147483647;
			files = (
				AD48DA881723A87F00391A7E /* UIKit.framework in Frameworks */,
				AD48DA8A1723A87F00391A7E /* Foundation.framework in Frameworks */,
				AD48DA8C1723A87F00391A7E /* CoreGraphics.framework in Frameworks */,
			);
			runOnlyForDeploymentPostprocessing = 0;
		};
/* End PBXFrameworksBuildPhase section */

/* Begin PBXGroup section */
		AD48DA7B1723A87F00391A7E = {
			isa = PBXGroup;
			children = (
				AD48DA8D1723A87F00391A7E /* MailboxClone */,
				AD48DAB51723AD8400391A7E /* Resources */,
				AD48DA861723A87F00391A7E /* Frameworks */,
				AD48DA851723A87F00391A7E /* Products */,
			);
			sourceTree = "<group>";
		};
		AD48DA851723A87F00391A7E /* Products */ = {
			isa = PBXGroup;
			children = (
				AD48DA841723A87F00391A7E /* MailboxClone.app */,
			);
			name = Products;
			sourceTree = "<group>";
		};
		AD48DA861723A87F00391A7E /* Frameworks */ = {
			isa = PBXGroup;
			children = (
				AD48DA871723A87F00391A7E /* UIKit.framework */,
				AD48DA891723A87F00391A7E /* Foundation.framework */,
				AD48DA8B1723A87F00391A7E /* CoreGraphics.framework */,
			);
			name = Frameworks;
			sourceTree = "<group>";
		};
		AD48DA8D1723A87F00391A7E /* MailboxClone */ = {
			isa = PBXGroup;
			children = (
				AD48DB341724160100391A7E /* Models */,
				AD48DADE1723F26F00391A7E /* Views */,
				AD48DB3E1724167B00391A7E /* Controllers */,
				AD48DA961723A87F00391A7E /* MBAppDelegate.h */,
				AD48DA971723A87F00391A7E /* MBAppDelegate.m */,
				AD48DA9F1723A87F00391A7E /* MBViewController.h */,
				AD48DAA01723A87F00391A7E /* MBViewController.m */,
				AD48DAA21723A87F00391A7E /* MBViewController.xib */,
				AD48DA8E1723A87F00391A7E /* Supporting Files */,
			);
			path = MailboxClone;
			sourceTree = "<group>";
		};
		AD48DA8E1723A87F00391A7E /* Supporting Files */ = {
			isa = PBXGroup;
			children = (
				AD48DAB41723AD4A00391A7E /* Info */,
				AD48DAB31723AA9E00391A7E /* Default */,
				AD48DAAE1723A8E300391A7E /* Icon */,
				AD48DA931723A87F00391A7E /* main.m */,
				AD48DA951723A87F00391A7E /* Prefix.pch */,
			);
			name = "Supporting Files";
			sourceTree = "<group>";
		};
		AD48DAAE1723A8E300391A7E /* Icon */ = {
			isa = PBXGroup;
			children = (
				AD48DAB11723AA4000391A7E /* Icon.png */,
				AD48DAAC1723A8D300391A7E /* Icon@2x.png */,
			);
			name = Icon;
			sourceTree = "<group>";
		};
		AD48DAB31723AA9E00391A7E /* Default */ = {
			isa = PBXGroup;
			children = (
				AD48DA991723A87F00391A7E /* Default.png */,
				AD48DA9B1723A87F00391A7E /* Default@2x.png */,
				AD48DA9D1723A87F00391A7E /* Default-568h@2x.png */,
			);
			name = Default;
			sourceTree = "<group>";
		};
		AD48DAB41723AD4A00391A7E /* Info */ = {
			isa = PBXGroup;
			children = (
				AD48DA8F1723A87F00391A7E /* Info.plist */,
				AD48DA901723A87F00391A7E /* InfoPlist.strings */,
			);
			name = Info;
			sourceTree = "<group>";
		};
		AD48DAB51723AD8400391A7E /* Resources */ = {
			isa = PBXGroup;
			children = (
				AD48DAB61723B90300391A7E /* Images */,
			);
			name = Resources;
			sourceTree = "<group>";
		};
		AD48DAB61723B90300391A7E /* Images */ = {
			isa = PBXGroup;
			children = (
				AD48DB471724305700391A7E /* Messages Background */,
				AD48DB21172402B200391A7E /* State Icon */,
				AD48DB201724014000391A7E /* Nav Bar */,
				AD48DB1B172400B700391A7E /* Cell Side Icons */,
				AD48DB061724003F00391A7E /* Cell Side Shadows */,
				AD48DB051723F3F700391A7E /* More Arrow */,
				AD48DAE41723F2C100391A7E /* Segmented Control */,
				AD48DAE31723F2A400391A7E /* Unread Icon */,
				AD48DAE21723F29E00391A7E /* Star Icon */,
			);
			name = Images;
			sourceTree = "<group>";
		};
		AD48DADE1723F26F00391A7E /* Views */ = {
			isa = PBXGroup;
			children = (
				AD48DB3B1724167000391A7E /* MBMailCell.h */,
				AD48DB3C1724167000391A7E /* MBMailCell.m */,
				AD48DADF1723F28400391A7E /* MBSegmentedControl.h */,
				AD48DAE01723F28400391A7E /* MBSegmentedControl.m */,
			);
			name = Views;
			sourceTree = "<group>";
		};
		AD48DAE21723F29E00391A7E /* Star Icon */ = {
			isa = PBXGroup;
			children = (
				AD48DAB71723B90E00391A7E /* inbox-star-icon.png */,
				AD48DAB81723B90E00391A7E /* inbox-star-icon@2x.png */,
				AD48DACF1723BE6C00391A7E /* inbox-star-icon-white.png */,
				AD48DAD01723BE6C00391A7E /* inbox-star-icon-white@2x.png */,
			);
			name = "Star Icon";
			sourceTree = "<group>";
		};
		AD48DAE31723F2A400391A7E /* Unread Icon */ = {
			isa = PBXGroup;
			children = (
				AD48DAC11723BBE000391A7E /* unread-button.png */,
				AD48DAC21723BBE000391A7E /* unread-button@2x.png */,
				AD48DABF1723BBE000391A7E /* new-message-dot-white.png */,
				AD48DAC01723BBE000391A7E /* new-message-dot-white@2x.png */,
			);
			name = "Unread Icon";
			sourceTree = "<group>";
		};
		AD48DAE41723F2C100391A7E /* Segmented Control */ = {
			isa = PBXGroup;
			children = (
				AD48DAEB1723F34400391A7E /* defer-button-background.png */,
				AD48DAEC1723F34400391A7E /* defer-button-background@2x.png */,
				AD48DAE91723F34400391A7E /* defer-button-background-active.png */,
				AD48DAEA1723F34400391A7E /* defer-button-background-active@2x.png */,
				AD48DAEF1723F34400391A7E /* inbox-button-background.png */,
				AD48DAF01723F34400391A7E /* inbox-button-background@2x.png */,
				AD48DAED1723F34400391A7E /* inbox-button-background-active.png */,
				AD48DAEE1723F34400391A7E /* inbox-button-background-active@2x.png */,
				AD48DAE71723F34400391A7E /* archive-button-background.png */,
				AD48DAE81723F34400391A7E /* archive-button-background@2x.png */,
				AD48DAE51723F34400391A7E /* archive-button-background-active.png */,
				AD48DAE61723F34400391A7E /* archive-button-background-active@2x.png */,
			);
			name = "Segmented Control";
			sourceTree = "<group>";
		};
		AD48DB051723F3F700391A7E /* More Arrow */ = {
			isa = PBXGroup;
			children = (
				AD48DAFF1723F3F400391A7E /* more-arrow.png */,
				AD48DB001723F3F400391A7E /* more-arrow@2x.png */,
				AD48DAFD1723F3F400391A7E /* more-arrow-white.png */,
				AD48DAFE1723F3F400391A7E /* more-arrow-white@2x.png */,
			);
			name = "More Arrow";
			sourceTree = "<group>";
		};
		AD48DB061724003F00391A7E /* Cell Side Shadows */ = {
			isa = PBXGroup;
			children = (
				AD48DB071724004900391A7E /* swipe-shadow-left.png */,
				AD48DB081724004900391A7E /* swipe-shadow-left@2x.png */,
				AD48DB091724004900391A7E /* swipe-shadow-right.png */,
				AD48DB0A1724004900391A7E /* swipe-shadow-right@2x.png */,
			);
			name = "Cell Side Shadows";
			sourceTree = "<group>";
		};
		AD48DB1B172400B700391A7E /* Cell Side Icons */ = {
			isa = PBXGroup;
			children = (
				AD48DB11172400A800391A7E /* swipe-defer-icon.png */,
				AD48DB12172400A900391A7E /* swipe-defer-icon@2x.png */,
				AD48DB0F172400A800391A7E /* swipe-archive-icon.png */,
				AD48DB10172400A800391A7E /* swipe-archive-icon@2x.png */,
				AD48DB13172400A900391A7E /* swipe-mailbox-icon.png */,
				AD48DB14172400A900391A7E /* swipe-mailbox-icon@2x.png */,
			);
			name = "Cell Side Icons";
			sourceTree = "<group>";
		};
		AD48DB201724014000391A7E /* Nav Bar */ = {
			isa = PBXGroup;
			children = (
				AD48DB1C1724013B00391A7E /* nav-bar-background.png */,
				AD48DB1D1724013C00391A7E /* nav-bar-background@2x.png */,
			);
			name = "Nav Bar";
			sourceTree = "<group>";
		};
		AD48DB21172402B200391A7E /* State Icon */ = {
			isa = PBXGroup;
			children = (
				AD48DB26172402C000391A7E /* later-empty-state-icon.png */,
				AD48DB27172402C000391A7E /* later-empty-state-icon@2x.png */,
				AD48DB24172402C000391A7E /* inbox-icon-background-overlay.png */,
				AD48DB25172402C000391A7E /* inbox-icon-background-overlay@2x.png */,
				AD48DB22172402C000391A7E /* archive-empty-state-icon.png */,
				AD48DB23172402C000391A7E /* archive-empty-state-icon@2x.png */,
			);
			name = "State Icon";
			sourceTree = "<group>";
		};
		AD48DB341724160100391A7E /* Models */ = {
			isa = PBXGroup;
			children = (
				AD48DB371724161300391A7E /* MBMail.h */,
				AD48DB381724161300391A7E /* MBMail.m */,
				AD48DB351724161300391A7E /* MBAddress.h */,
				AD48DB361724161300391A7E /* MBAddress.m */,
			);
			name = Models;
			sourceTree = "<group>";
		};
		AD48DB3E1724167B00391A7E /* Controllers */ = {
			isa = PBXGroup;
			children = (
			);
			name = Controllers;
			sourceTree = "<group>";
		};
		AD48DB471724305700391A7E /* Messages Background */ = {
			isa = PBXGroup;
			children = (
				AD48DB481724306200391A7E /* messages-background-white.png */,
				AD48DB491724306200391A7E /* messages-background-white@2x.png */,
				AD48DB4A1724306200391A7E /* messages-background.png */,
				AD48DB4B1724306200391A7E /* messages-background@2x.png */,
			);
			name = "Messages Background";
			sourceTree = "<group>";
		};
/* End PBXGroup section */

/* Begin PBXNativeTarget section */
		AD48DA831723A87F00391A7E /* MailboxClone */ = {
			isa = PBXNativeTarget;
			buildConfigurationList = AD48DAA71723A87F00391A7E /* Build configuration list for PBXNativeTarget "MailboxClone" */;
			buildPhases = (
				AD48DA801723A87F00391A7E /* Sources */,
				AD48DA811723A87F00391A7E /* Frameworks */,
				AD48DA821723A87F00391A7E /* Resources */,
			);
			buildRules = (
			);
			dependencies = (
			);
			name = MailboxClone;
			productName = MailboxClone;
			productReference = AD48DA841723A87F00391A7E /* MailboxClone.app */;
			productType = "com.apple.product-type.application";
		};
/* End PBXNativeTarget section */

/* Begin PBXProject section */
		AD48DA7C1723A87F00391A7E /* Project object */ = {
			isa = PBXProject;
			attributes = {
				CLASSPREFIX = MB;
				LastUpgradeCheck = 0460;
				ORGANIZATIONNAME = "Vitaliy Berg";
			};
			buildConfigurationList = AD48DA7F1723A87F00391A7E /* Build configuration list for PBXProject "MailboxClone" */;
			compatibilityVersion = "Xcode 3.2";
			developmentRegion = English;
			hasScannedForEncodings = 0;
			knownRegions = (
				en,
			);
			mainGroup = AD48DA7B1723A87F00391A7E;
			productRefGroup = AD48DA851723A87F00391A7E /* Products */;
			projectDirPath = "";
			projectRoot = "";
			targets = (
				AD48DA831723A87F00391A7E /* MailboxClone */,
			);
		};
/* End PBXProject section */

/* Begin PBXResourcesBuildPhase section */
		AD48DA821723A87F00391A7E /* Resources */ = {
			isa = PBXResourcesBuildPhase;
			buildActionMask = 2147483647;
			files = (
				AD48DA921723A87F00391A7E /* InfoPlist.strings in Resources */,
				AD48DA9A1723A87F00391A7E /* Default.png in Resources */,
				AD48DA9C1723A87F00391A7E /* Default@2x.png in Resources */,
				AD48DA9E1723A87F00391A7E /* Default-568h@2x.png in Resources */,
				AD48DAA41723A87F00391A7E /* MBViewController.xib in Resources */,
				AD48DAAD1723A8D300391A7E /* Icon@2x.png in Resources */,
				AD48DAB21723AA4000391A7E /* Icon.png in Resources */,
				AD48DAB91723B90E00391A7E /* inbox-star-icon.png in Resources */,
				AD48DABA1723B90E00391A7E /* inbox-star-icon@2x.png in Resources */,
				AD48DAC31723BBE000391A7E /* new-message-dot-white.png in Resources */,
				AD48DAC41723BBE000391A7E /* new-message-dot-white@2x.png in Resources */,
				AD48DAC51723BBE000391A7E /* unread-button.png in Resources */,
				AD48DAC61723BBE000391A7E /* unread-button@2x.png in Resources */,
				AD48DAD11723BE6C00391A7E /* inbox-star-icon-white.png in Resources */,
				AD48DAD21723BE6C00391A7E /* inbox-star-icon-white@2x.png in Resources */,
				AD48DAF11723F34400391A7E /* archive-button-background-active.png in Resources */,
				AD48DAF21723F34400391A7E /* archive-button-background-active@2x.png in Resources */,
				AD48DAF31723F34400391A7E /* archive-button-background.png in Resources */,
				AD48DAF41723F34400391A7E /* archive-button-background@2x.png in Resources */,
				AD48DAF51723F34400391A7E /* defer-button-background-active.png in Resources */,
				AD48DAF61723F34400391A7E /* defer-button-background-active@2x.png in Resources */,
				AD48DAF71723F34400391A7E /* defer-button-background.png in Resources */,
				AD48DAF81723F34400391A7E /* defer-button-background@2x.png in Resources */,
				AD48DAF91723F34400391A7E /* inbox-button-background-active.png in Resources */,
				AD48DAFA1723F34400391A7E /* inbox-button-background-active@2x.png in Resources */,
				AD48DAFB1723F34400391A7E /* inbox-button-background.png in Resources */,
				AD48DAFC1723F34400391A7E /* inbox-button-background@2x.png in Resources */,
				AD48DB011723F3F400391A7E /* more-arrow-white.png in Resources */,
				AD48DB021723F3F400391A7E /* more-arrow-white@2x.png in Resources */,
				AD48DB031723F3F400391A7E /* more-arrow.png in Resources */,
				AD48DB041723F3F400391A7E /* more-arrow@2x.png in Resources */,
				AD48DB0B1724004900391A7E /* swipe-shadow-left.png in Resources */,
				AD48DB0C1724004900391A7E /* swipe-shadow-left@2x.png in Resources */,
				AD48DB0D1724004900391A7E /* swipe-shadow-right.png in Resources */,
				AD48DB0E1724004900391A7E /* swipe-shadow-right@2x.png in Resources */,
				AD48DB15172400A900391A7E /* swipe-archive-icon.png in Resources */,
				AD48DB16172400A900391A7E /* swipe-archive-icon@2x.png in Resources */,
				AD48DB17172400A900391A7E /* swipe-defer-icon.png in Resources */,
				AD48DB18172400A900391A7E /* swipe-defer-icon@2x.png in Resources */,
				AD48DB19172400A900391A7E /* swipe-mailbox-icon.png in Resources */,
				AD48DB1A172400A900391A7E /* swipe-mailbox-icon@2x.png in Resources */,
				AD48DB1E1724013D00391A7E /* nav-bar-background.png in Resources */,
				AD48DB1F1724013D00391A7E /* nav-bar-background@2x.png in Resources */,
				AD48DB28172402C000391A7E /* archive-empty-state-icon.png in Resources */,
				AD48DB29172402C000391A7E /* archive-empty-state-icon@2x.png in Resources */,
				AD48DB2A172402C000391A7E /* inbox-icon-background-overlay.png in Resources */,
				AD48DB2B172402C000391A7E /* inbox-icon-background-overlay@2x.png in Resources */,
				AD48DB2C172402C000391A7E /* later-empty-state-icon.png in Resources */,
				AD48DB2D172402C000391A7E /* later-empty-state-icon@2x.png in Resources */,
				AD48DB4C1724306200391A7E /* messages-background-white.png in Resources */,
				AD48DB4D1724306200391A7E /* messages-background-white@2x.png in Resources */,
				AD48DB4E1724306200391A7E /* messages-background.png in Resources */,
				AD48DB4F1724306200391A7E /* messages-background@2x.png in Resources */,
			);
			runOnlyForDeploymentPostprocessing = 0;
		};
/* End PBXResourcesBuildPhase section */

/* Begin PBXSourcesBuildPhase section */
		AD48DA801723A87F00391A7E /* Sources */ = {
			isa = PBXSourcesBuildPhase;
			buildActionMask = 2147483647;
			files = (
				AD48DA941723A87F00391A7E /* main.m in Sources */,
				AD48DA981723A87F00391A7E /* MBAppDelegate.m in Sources */,
				AD48DAA11723A87F00391A7E /* MBViewController.m in Sources */,
				AD48DAE11723F28400391A7E /* MBSegmentedControl.m in Sources */,
				AD48DB391724161300391A7E /* MBAddress.m in Sources */,
				AD48DB3A1724161300391A7E /* MBMail.m in Sources */,
				AD48DB3D1724167000391A7E /* MBMailCell.m in Sources */,
			);
			runOnlyForDeploymentPostprocessing = 0;
		};
/* End PBXSourcesBuildPhase section */

/* Begin PBXVariantGroup section */
		AD48DA901723A87F00391A7E /* InfoPlist.strings */ = {
			isa = PBXVariantGroup;
			children = (
				AD48DA911723A87F00391A7E /* en */,
			);
			name = InfoPlist.strings;
			sourceTree = "<group>";
		};
		AD48DAA21723A87F00391A7E /* MBViewController.xib */ = {
			isa = PBXVariantGroup;
			children = (
				AD48DAA31723A87F00391A7E /* en */,
			);
			name = MBViewController.xib;
			sourceTree = "<group>";
		};
/* End PBXVariantGroup section */

/* Begin XCBuildConfiguration section */
		AD48DAA51723A87F00391A7E /* Debug */ = {
			isa = XCBuildConfiguration;
			buildSettings = {
				ALWAYS_SEARCH_USER_PATHS = NO;
				CLANG_CXX_LANGUAGE_STANDARD = "gnu++0x";
				CLANG_CXX_LIBRARY = "libc++";
				CLANG_ENABLE_OBJC_ARC = YES;
				CLANG_WARN_CONSTANT_CONVERSION = YES;
				CLANG_WARN_EMPTY_BODY = YES;
				CLANG_WARN_ENUM_CONVERSION = YES;
				CLANG_WARN_INT_CONVERSION = YES;
				CLANG_WARN__DUPLICATE_METHOD_MATCH = YES;
				"CODE_SIGN_IDENTITY[sdk=iphoneos*]" = "iPhone Developer";
				COPY_PHASE_STRIP = NO;
				GCC_C_LANGUAGE_STANDARD = gnu99;
				GCC_DYNAMIC_NO_PIC = NO;
				GCC_OPTIMIZATION_LEVEL = 0;
				GCC_PREPROCESSOR_DEFINITIONS = (
					"DEBUG=1",
					"$(inherited)",
				);
				GCC_SYMBOLS_PRIVATE_EXTERN = NO;
				GCC_WARN_ABOUT_RETURN_TYPE = YES;
				GCC_WARN_UNINITIALIZED_AUTOS = YES;
				GCC_WARN_UNUSED_VARIABLE = YES;
				IPHONEOS_DEPLOYMENT_TARGET = 5.1;
				ONLY_ACTIVE_ARCH = YES;
				SDKROOT = iphoneos;
			};
			name = Debug;
		};
		AD48DAA61723A87F00391A7E /* Release */ = {
			isa = XCBuildConfiguration;
			buildSettings = {
				ALWAYS_SEARCH_USER_PATHS = NO;
				CLANG_CXX_LANGUAGE_STANDARD = "gnu++0x";
				CLANG_CXX_LIBRARY = "libc++";
				CLANG_ENABLE_OBJC_ARC = YES;
				CLANG_WARN_CONSTANT_CONVERSION = YES;
				CLANG_WARN_EMPTY_BODY = YES;
				CLANG_WARN_ENUM_CONVERSION = YES;
				CLANG_WARN_INT_CONVERSION = YES;
				CLANG_WARN__DUPLICATE_METHOD_MATCH = YES;
				"CODE_SIGN_IDENTITY[sdk=iphoneos*]" = "iPhone Developer";
				COPY_PHASE_STRIP = YES;
				GCC_C_LANGUAGE_STANDARD = gnu99;
				GCC_WARN_ABOUT_RETURN_TYPE = YES;
				GCC_WARN_UNINITIALIZED_AUTOS = YES;
				GCC_WARN_UNUSED_VARIABLE = YES;
				IPHONEOS_DEPLOYMENT_TARGET = 5.1;
				OTHER_CFLAGS = "-DNS_BLOCK_ASSERTIONS=1";
				SDKROOT = iphoneos;
				VALIDATE_PRODUCT = YES;
			};
			name = Release;
		};
		AD48DAA81723A87F00391A7E /* Debug */ = {
			isa = XCBuildConfiguration;
			buildSettings = {
				GCC_PRECOMPILE_PREFIX_HEADER = YES;
				GCC_PREFIX_HEADER = MailboxClone/Prefix.pch;
				INFOPLIST_FILE = MailboxClone/Info.plist;
				PRODUCT_NAME = "$(TARGET_NAME)";
				WRAPPER_EXTENSION = app;
			};
			name = Debug;
		};
		AD48DAA91723A87F00391A7E /* Release */ = {
			isa = XCBuildConfiguration;
			buildSettings = {
				GCC_PRECOMPILE_PREFIX_HEADER = YES;
				GCC_PREFIX_HEADER = MailboxClone/Prefix.pch;
				INFOPLIST_FILE = MailboxClone/Info.plist;
				PRODUCT_NAME = "$(TARGET_NAME)";
				WRAPPER_EXTENSION = app;
			};
			name = Release;
		};
/* End XCBuildConfiguration section */

/* Begin XCConfigurationList section */
		AD48DA7F1723A87F00391A7E /* Build configuration list for PBXProject "MailboxClone" */ = {
			isa = XCConfigurationList;
			buildConfigurations = (
				AD48DAA51723A87F00391A7E /* Debug */,
				AD48DAA61723A87F00391A7E /* Release */,
			);
			defaultConfigurationIsVisible = 0;
			defaultConfigurationName = Release;
		};
		AD48DAA71723A87F00391A7E /* Build configuration list for PBXNativeTarget "MailboxClone" */ = {
			isa = XCConfigurationList;
			buildConfigurations = (
				AD48DAA81723A87F00391A7E /* Debug */,
				AD48DAA91723A87F00391A7E /* Release */,
			);
			defaultConfigurationIsVisible = 0;
		};
/* End XCConfigurationList section */
	};
	rootObject = AD48DA7C1723A87F00391A7E /* Project object */;
}
